
Microsoft Visual Studio Solution File, Format Version 12.00
# Visual Studio Version 17
VisualStudioVersion = 17.14.36408.4 d17.14
MinimumVisualStudioVersion = 10.0.40219.1
Project("{FAE04EC0-301F-11D3-BF4B-00C04F79EFBC}") = "PDFLibrary", "PDFLibrary.csproj", "{DDEA5A0C-1C93-47A9-8E3D-BF90151E35DB}"
EndProject
Global
	GlobalSection(SolutionConfigurationPlatforms) = preSolution
		Debug|Any CPU = Debug|Any CPU
		Release|Any CPU = Release|Any CPU
	EndGlobalSection
	GlobalSection(ProjectConfigurationPlatforms) = postSolution
		{DDEA5A0C-1C93-47A9-8E3D-BF90151E35DB}.Debug|Any CPU.ActiveCfg = Debug|Any CPU
		{DDEA5A0C-1C93-47A9-8E3D-BF90151E35DB}.Debug|Any CPU.Build.0 = Debug|Any CPU
		{DDEA5A0C-1C93-47A9-8E3D-BF90151E35DB}.Release|Any CPU.ActiveCfg = Release|Any CPU
		{DDEA5A0C-1C93-47A9-8E3D-BF90151E35DB}.Release|Any CPU.Build.0 = Release|Any CPU
	EndGlobalSection
	GlobalSection(SolutionProperties) = preSolution
		HideSolutionNode = FALSE
	EndGlobalSection
	GlobalSection(ExtensibilityGlobals) = postSolution
		SolutionGuid = {B193F007-FA62-43BF-879D-440AB21C2281}
	EndGlobalSection
EndGlobal
